{
  "version": 4,
  "terraform_version": "1.0.3",
  "serial": 7,
  "lineage": "3ca597be-f0cd-b810-e25b-3a3a6f732a9f",
  "outputs": {},
  "resources": [
    {
      "mode": "managed",
      "type": "azurerm_linux_virtual_machine",
      "name": "hostterraformvm",
      "provider": "provider[\"registry.terraform.io/hashicorp/azurerm\"]",
      "instances": [
        {
          "schema_version": 0,
          "attributes": {
            "additional_capabilities": [],
            "admin_password": "PwcRocks123",
            "admin_ssh_key": [],
            "admin_username": "azureuser",
            "allow_extension_operations": true,
            "availability_set_id": "",
            "boot_diagnostics": [],
            "computer_name": "POCVM",
            "custom_data": null,
            "dedicated_host_id": "",
            "disable_password_authentication": false,
            "encryption_at_host_enabled": false,
            "eviction_policy": "",
            "extensions_time_budget": "PT1H30M",
            "id": "/subscriptions/bfdf428f-797a-45d7-936a-43e4535e052d/resourceGroups/prashant_rg/providers/Microsoft.Compute/virtualMachines/POC_VM_LINUX",
            "identity": [],
            "license_type": "",
            "location": "centralindia",
            "max_bid_price": -1,
            "name": "POC_VM_LINUX",
            "network_interface_ids": [
              "/subscriptions/bfdf428f-797a-45d7-936a-43e4535e052d/resourceGroups/prashant_rg/providers/Microsoft.Network/networkInterfaces/POC_NIC"
            ],
            "os_disk": [
              {
                "caching": "ReadWrite",
                "diff_disk_settings": [],
                "disk_encryption_set_id": "",
                "disk_size_gb": 30,
                "name": "Standard_LRS",
                "storage_account_type": "Premium_LRS",
                "write_accelerator_enabled": false
              }
            ],
            "plan": [],
            "platform_fault_domain": -1,
            "priority": "Regular",
            "private_ip_address": "10.0.1.4",
            "private_ip_addresses": [
              "10.0.1.4"
            ],
            "provision_vm_agent": true,
            "proximity_placement_group_id": "",
            "public_ip_address": "20.204.148.56",
            "public_ip_addresses": [
              "20.204.148.56"
            ],
            "resource_group_name": "prashant_rg",
            "secret": [],
            "size": "Standard_B1ms",
            "source_image_id": "",
            "source_image_reference": [
              {
                "offer": "UbuntuServer",
                "publisher": "Canonical",
                "sku": "18.04-LTS",
                "version": "latest"
              }
            ],
            "tags": {
              "environment": "Terraform Host"
            },
            "timeouts": null,
            "virtual_machine_id": "46f1ab56-7f5c-49b7-84a5-382334ea3877",
            "virtual_machine_scale_set_id": "",
            "zone": ""
          },
          "sensitive_attributes": [],
          "private": "eyJlMmJmYjczMC1lY2FhLTExZTYtOGY4OC0zNDM2M2JjN2M0YzAiOnsiY3JlYXRlIjoyNzAwMDAwMDAwMDAwLCJkZWxldGUiOjI3MDAwMDAwMDAwMDAsInJlYWQiOjMwMDAwMDAwMDAwMCwidXBkYXRlIjoyNzAwMDAwMDAwMDAwfX0=",
          "dependencies": [
            "azurerm_network_interface.hostterraformnic",
            "azurerm_public_ip.hostterraformpublicip",
            "azurerm_resource_group.hostterraformgroup",
            "azurerm_subnet.hostterraformsubnet",
            "azurerm_virtual_network.hostterraformnetwork"
          ]
        }
      ]
    },
    {
      "mode": "managed",
      "type": "azurerm_network_interface",
      "name": "hostterraformnic",
      "provider": "provider[\"registry.terraform.io/hashicorp/azurerm\"]",
      "instances": [
        {
          "schema_version": 0,
          "attributes": {
            "applied_dns_servers": [],
            "dns_servers": [],
            "enable_accelerated_networking": false,
            "enable_ip_forwarding": false,
            "id": "/subscriptions/bfdf428f-797a-45d7-936a-43e4535e052d/resourceGroups/prashant_rg/providers/Microsoft.Network/networkInterfaces/POC_NIC",
            "internal_dns_name_label": "",
            "internal_domain_name_suffix": "2uahxjnsss1e5m5cdwbf1v0eca.rx.internal.cloudapp.net",
            "ip_configuration": [
              {
                "name": "POC_IPCONFIG",
                "primary": true,
                "private_ip_address": "10.0.1.4",
                "private_ip_address_allocation": "Dynamic",
                "private_ip_address_version": "IPv4",
                "public_ip_address_id": "/subscriptions/bfdf428f-797a-45d7-936a-43e4535e052d/resourceGroups/prashant_rg/providers/Microsoft.Network/publicIPAddresses/POC_PULIC_IP",
                "subnet_id": "/subscriptions/bfdf428f-797a-45d7-936a-43e4535e052d/resourceGroups/prashant_rg/providers/Microsoft.Network/virtualNetworks/POC_VNET/subnets/POC_SUBNET"
              }
            ],
            "location": "centralindia",
            "mac_address": "",
            "name": "POC_NIC",
            "private_ip_address": "10.0.1.4",
            "private_ip_addresses": [
              "10.0.1.4"
            ],
            "resource_group_name": "prashant_rg",
            "tags": {
              "environment": "Terraform Host"
            },
            "timeouts": null,
            "virtual_machine_id": ""
          },
          "sensitive_attributes": [],
          "private": "eyJlMmJmYjczMC1lY2FhLTExZTYtOGY4OC0zNDM2M2JjN2M0YzAiOnsiY3JlYXRlIjoxODAwMDAwMDAwMDAwLCJkZWxldGUiOjE4MDAwMDAwMDAwMDAsInJlYWQiOjMwMDAwMDAwMDAwMCwidXBkYXRlIjoxODAwMDAwMDAwMDAwfX0=",
          "dependencies": [
            "azurerm_public_ip.hostterraformpublicip",
            "azurerm_resource_group.hostterraformgroup",
            "azurerm_subnet.hostterraformsubnet",
            "azurerm_virtual_network.hostterraformnetwork"
          ]
        }
      ]
    },
    {
      "mode": "managed",
      "type": "azurerm_public_ip",
      "name": "hostterraformpublicip",
      "provider": "provider[\"registry.terraform.io/hashicorp/azurerm\"]",
      "instances": [
        {
          "schema_version": 0,
          "attributes": {
            "allocation_method": "Dynamic",
            "availability_zone": "No-Zone",
            "domain_name_label": null,
            "fqdn": null,
            "id": "/subscriptions/bfdf428f-797a-45d7-936a-43e4535e052d/resourceGroups/prashant_rg/providers/Microsoft.Network/publicIPAddresses/POC_PULIC_IP",
            "idle_timeout_in_minutes": 4,
            "ip_address": "",
            "ip_tags": null,
            "ip_version": "IPv4",
            "location": "centralindia",
            "name": "POC_PULIC_IP",
            "public_ip_prefix_id": null,
            "resource_group_name": "prashant_rg",
            "reverse_fqdn": null,
            "sku": "Basic",
            "sku_tier": "Regional",
            "tags": {
              "environment": "Terraform Host"
            },
            "timeouts": null,
            "zones": []
          },
          "sensitive_attributes": [],
          "private": "eyJlMmJmYjczMC1lY2FhLTExZTYtOGY4OC0zNDM2M2JjN2M0YzAiOnsiY3JlYXRlIjoxODAwMDAwMDAwMDAwLCJkZWxldGUiOjE4MDAwMDAwMDAwMDAsInJlYWQiOjMwMDAwMDAwMDAwMCwidXBkYXRlIjoxODAwMDAwMDAwMDAwfX0=",
          "dependencies": [
            "azurerm_resource_group.hostterraformgroup"
          ]
        }
      ]
    },
    {
      "mode": "managed",
      "type": "azurerm_resource_group",
      "name": "hostterraformgroup",
      "provider": "provider[\"registry.terraform.io/hashicorp/azurerm\"]",
      "instances": [
        {
          "schema_version": 0,
          "attributes": {
            "id": "/subscriptions/bfdf428f-797a-45d7-936a-43e4535e052d/resourceGroups/prashant_rg",
            "location": "centralindia",
            "name": "prashant_rg",
            "tags": {
              "environment": "Terraform Host"
            },
            "timeouts": null
          },
          "sensitive_attributes": [],
          "private": "eyJlMmJmYjczMC1lY2FhLTExZTYtOGY4OC0zNDM2M2JjN2M0YzAiOnsiY3JlYXRlIjo1NDAwMDAwMDAwMDAwLCJkZWxldGUiOjU0MDAwMDAwMDAwMDAsInJlYWQiOjMwMDAwMDAwMDAwMCwidXBkYXRlIjo1NDAwMDAwMDAwMDAwfX0="
        }
      ]
    },
    {
      "mode": "managed",
      "type": "azurerm_subnet",
      "name": "hostterraformsubnet",
      "provider": "provider[\"registry.terraform.io/hashicorp/azurerm\"]",
      "instances": [
        {
          "schema_version": 0,
          "attributes": {
            "address_prefix": "10.0.1.0/24",
            "address_prefixes": [
              "10.0.1.0/24"
            ],
            "delegation": [],
            "enforce_private_link_endpoint_network_policies": false,
            "enforce_private_link_service_network_policies": false,
            "id": "/subscriptions/bfdf428f-797a-45d7-936a-43e4535e052d/resourceGroups/prashant_rg/providers/Microsoft.Network/virtualNetworks/POC_VNET/subnets/POC_SUBNET",
            "name": "POC_SUBNET",
            "resource_group_name": "prashant_rg",
            "service_endpoint_policy_ids": null,
            "service_endpoints": [
              "Microsoft.AzureActiveDirectory",
              "Microsoft.AzureCosmosDB",
              "Microsoft.ContainerRegistry",
              "Microsoft.EventHub",
              "Microsoft.KeyVault",
              "Microsoft.ServiceBus",
              "Microsoft.Sql",
              "Microsoft.Storage",
              "Microsoft.Web"
            ],
            "timeouts": null,
            "virtual_network_name": "POC_VNET"
          },
          "sensitive_attributes": [],
          "private": "eyJlMmJmYjczMC1lY2FhLTExZTYtOGY4OC0zNDM2M2JjN2M0YzAiOnsiY3JlYXRlIjoxODAwMDAwMDAwMDAwLCJkZWxldGUiOjE4MDAwMDAwMDAwMDAsInJlYWQiOjMwMDAwMDAwMDAwMCwidXBkYXRlIjoxODAwMDAwMDAwMDAwfX0=",
          "dependencies": [
            "azurerm_resource_group.hostterraformgroup",
            "azurerm_virtual_network.hostterraformnetwork"
          ]
        }
      ]
    },
    {
      "mode": "managed",
      "type": "azurerm_virtual_network",
      "name": "hostterraformnetwork",
      "provider": "provider[\"registry.terraform.io/hashicorp/azurerm\"]",
      "instances": [
        {
          "schema_version": 0,
          "attributes": {
            "address_space": [
              "10.0.0.0/16"
            ],
            "bgp_community": "",
            "ddos_protection_plan": [],
            "dns_servers": [],
            "guid": "a57b00e5-94b2-4fb6-b3e2-1d825dd74410",
            "id": "/subscriptions/bfdf428f-797a-45d7-936a-43e4535e052d/resourceGroups/prashant_rg/providers/Microsoft.Network/virtualNetworks/POC_VNET",
            "location": "centralindia",
            "name": "POC_VNET",
            "resource_group_name": "prashant_rg",
            "subnet": [],
            "tags": {
              "environment": "Terraform Host"
            },
            "timeouts": null,
            "vm_protection_enabled": false
          },
          "sensitive_attributes": [],
          "private": "eyJlMmJmYjczMC1lY2FhLTExZTYtOGY4OC0zNDM2M2JjN2M0YzAiOnsiY3JlYXRlIjoxODAwMDAwMDAwMDAwLCJkZWxldGUiOjE4MDAwMDAwMDAwMDAsInJlYWQiOjMwMDAwMDAwMDAwMCwidXBkYXRlIjoxODAwMDAwMDAwMDAwfX0=",
          "dependencies": [
            "azurerm_resource_group.hostterraformgroup"
          ]
        }
      ]
    }
  ]
}
